
Microsoft Visual Studio Solution File, Format Version 12.00
# Visual Studio 15
VisualStudioVersion = 15.0.28307.1972
MinimumVisualStudioVersion = 10.0.40219.1
Project("{FAE04EC0-301F-11D3-BF4B-00C04F79EFBC}") = "REGISTROS ACADEMIA LIDER", "REGISTROS ACADEMIA LIDER\REGISTROS ACADEMIA LIDER.csproj", "{2D5FB818-F83F-4ACE-A2C4-6E8B2408C83B}"
EndProject
Global
	GlobalSection(SolutionConfigurationPlatforms) = preSolution
		Debug|Any CPU = Debug|Any CPU
		Release|Any CPU = Release|Any CPU
	EndGlobalSection
	GlobalSection(ProjectConfigurationPlatforms) = postSolution
		{2D5FB818-F83F-4ACE-A2C4-6E8B2408C83B}.Debug|Any CPU.ActiveCfg = Debug|Any CPU
		{2D5FB818-F83F-4ACE-A2C4-6E8B2408C83B}.Debug|Any CPU.Build.0 = Debug|Any CPU
		{2D5FB818-F83F-4ACE-A2C4-6E8B2408C83B}.Release|Any CPU.ActiveCfg = Release|Any CPU
		{2D5FB818-F83F-4ACE-A2C4-6E8B2408C83B}.Release|Any CPU.Build.0 = Release|Any CPU
	EndGlobalSection
	GlobalSection(SolutionProperties) = preSolution
		HideSolutionNode = FALSE
	EndGlobalSection
	GlobalSection(ExtensibilityGlobals) = postSolution
		SolutionGuid = {F2DE0F8B-3F57-42C3-9737-B3C456156E1B}
	EndGlobalSection
EndGlobal
